{"version":4,"terraform_version":"1.10.6","serial":5,"lineage":"89ce3197-4128-a821-a59a-e29fe302d645","outputs":{"flag":{"value":"ISEN-#4-{TFStateAreSecrets}","type":"string"},"floating-ips":{"value":{"floating-ip-for-isen-group-1":"51.89.117.46","floating-ip-for-isen-group-2":"57.129.55.78","floating-ip-for-isen-group-3":"51.89.118.150","floating-ip-for-isen-group-4":"51.89.119.227"},"type":["object",{"floating-ip-for-isen-group-1":"string","floating-ip-for-isen-group-2":"string","floating-ip-for-isen-group-3":"string","floating-ip-for-isen-group-4":"string"}]}},"resources":[{"mode":"managed","type":"openstack_networking_floatingip_v2","name":"fip","provider":"provider[\"registry.opentofu.org/terraform-provider-openstack/openstack\"]","instances":[{"index_key":0,"schema_version":0,"attributes":{"address":"51.89.117.46","all_tags":["floating-ip-for-isen-group-1"],"description":"","dns_domain":"","dns_name":"","fixed_ip":"","id":"b1e656dc-2287-41b4-bb33-d43210ff8292","pool":"Ext-Net","port_id":"","region":"DE1","subnet_id":null,"subnet_ids":null,"tags":["floating-ip-for-isen-group-1"],"tenant_id":"0d899a6f76d74760a06919233ed0ec51","timeouts":null,"value_specs":null},"sensitive_attributes":[],"private":"eyJlMmJmYjczMC1lY2FhLTExZTYtOGY4OC0zNDM2M2JjN2M0YzAiOnsiY3JlYXRlIjo2MDAwMDAwMDAwMDAsImRlbGV0ZSI6NjAwMDAwMDAwMDAwfX0="},{"index_key":1,"schema_version":0,"attributes":{"address":"57.129.55.78","all_tags":["floating-ip-for-isen-group-2"],"description":"","dns_domain":"","dns_name":"","fixed_ip":"","id":"c99ffa5e-7c66-42b9-beef-99fb1b2c9823","pool":"Ext-Net","port_id":"","region":"DE1","subnet_id":null,"subnet_ids":null,"tags":["floating-ip-for-isen-group-2"],"tenant_id":"0d899a6f76d74760a06919233ed0ec51","timeouts":null,"value_specs":null},"sensitive_attributes":[],"private":"eyJlMmJmYjczMC1lY2FhLTExZTYtOGY4OC0zNDM2M2JjN2M0YzAiOnsiY3JlYXRlIjo2MDAwMDAwMDAwMDAsImRlbGV0ZSI6NjAwMDAwMDAwMDAwfX0="},{"index_key":2,"schema_version":0,"attributes":{"address":"51.89.118.150","all_tags":["floating-ip-for-isen-group-3"],"description":"","dns_domain":"","dns_name":"","fixed_ip":"","id":"77fe08e2-4066-4693-8489-1b177a8ad8c2","pool":"Ext-Net","port_id":"","region":"DE1","subnet_id":null,"subnet_ids":null,"tags":["floating-ip-for-isen-group-3"],"tenant_id":"0d899a6f76d74760a06919233ed0ec51","timeouts":null,"value_specs":null},"sensitive_attributes":[],"private":"eyJlMmJmYjczMC1lY2FhLTExZTYtOGY4OC0zNDM2M2JjN2M0YzAiOnsiY3JlYXRlIjo2MDAwMDAwMDAwMDAsImRlbGV0ZSI6NjAwMDAwMDAwMDAwfX0="},{"index_key":3,"schema_version":0,"attributes":{"address":"51.89.119.227","all_tags":["floating-ip-for-isen-group-4"],"description":"","dns_domain":"","dns_name":"","fixed_ip":"","id":"4efed3db-7b5d-45a8-8310-5b553537b1f1","pool":"Ext-Net","port_id":"","region":"DE1","subnet_id":null,"subnet_ids":null,"tags":["floating-ip-for-isen-group-4"],"tenant_id":"0d899a6f76d74760a06919233ed0ec51","timeouts":null,"value_specs":null},"sensitive_attributes":[],"private":"eyJlMmJmYjczMC1lY2FhLTExZTYtOGY4OC0zNDM2M2JjN2M0YzAiOnsiY3JlYXRlIjo2MDAwMDAwMDAwMDAsImRlbGV0ZSI6NjAwMDAwMDAwMDAwfX0="}]}],"check_results":null}
